
Microsoft Visual Studio Solution File, Format Version 12.00
# Visual Studio Version 16
VisualStudioVersion = 16.0.29503.13
MinimumVisualStudioVersion = 10.0.40219.1
Project("{9A19103F-16F7-4668-BE54-9A1E7A4F7556}") = "TodoServer2", "TodoServer2\TodoServer2.csproj", "{585CF506-3BBA-4FCB-A5DF-BBD78F31E9A8}"
	ProjectSection(ProjectDependencies) = postProject
		{BE405AC2-F3F0-46B1-A94B-C9AB9472B1B2} = {BE405AC2-F3F0-46B1-A94B-C9AB9472B1B2}
	EndProjectSection
EndProject
Project("{9A19103F-16F7-4668-BE54-9A1E7A4F7556}") = "Contracts", "Contracts\Contracts.csproj", "{0D9A814E-94C8-4105-945C-0425C101661F}"
EndProject
Project("{9A19103F-16F7-4668-BE54-9A1E7A4F7556}") = "LoggerService", "LoggerService\LoggerService.csproj", "{D30DA2DA-12E5-4D91-9CB7-82184E35598E}"
EndProject
Project("{9A19103F-16F7-4668-BE54-9A1E7A4F7556}") = "Entities", "Entities\Entities.csproj", "{3727EB61-995C-41FB-A4C1-39E241F717B5}"
EndProject
Project("{FAE04EC0-301F-11D3-BF4B-00C04F79EFBC}") = "Repository", "Repository\Repository.csproj", "{BE405AC2-F3F0-46B1-A94B-C9AB9472B1B2}"
EndProject
Global
	GlobalSection(SolutionConfigurationPlatforms) = preSolution
		Debug|Any CPU = Debug|Any CPU
		Release|Any CPU = Release|Any CPU
	EndGlobalSection
	GlobalSection(ProjectConfigurationPlatforms) = postSolution
		{585CF506-3BBA-4FCB-A5DF-BBD78F31E9A8}.Debug|Any CPU.ActiveCfg = Debug|Any CPU
		{585CF506-3BBA-4FCB-A5DF-BBD78F31E9A8}.Debug|Any CPU.Build.0 = Debug|Any CPU
		{585CF506-3BBA-4FCB-A5DF-BBD78F31E9A8}.Release|Any CPU.ActiveCfg = Release|Any CPU
		{585CF506-3BBA-4FCB-A5DF-BBD78F31E9A8}.Release|Any CPU.Build.0 = Release|Any CPU
		{0D9A814E-94C8-4105-945C-0425C101661F}.Debug|Any CPU.ActiveCfg = Debug|Any CPU
		{0D9A814E-94C8-4105-945C-0425C101661F}.Debug|Any CPU.Build.0 = Debug|Any CPU
		{0D9A814E-94C8-4105-945C-0425C101661F}.Release|Any CPU.ActiveCfg = Release|Any CPU
		{0D9A814E-94C8-4105-945C-0425C101661F}.Release|Any CPU.Build.0 = Release|Any CPU
		{D30DA2DA-12E5-4D91-9CB7-82184E35598E}.Debug|Any CPU.ActiveCfg = Debug|Any CPU
		{D30DA2DA-12E5-4D91-9CB7-82184E35598E}.Debug|Any CPU.Build.0 = Debug|Any CPU
		{D30DA2DA-12E5-4D91-9CB7-82184E35598E}.Release|Any CPU.ActiveCfg = Release|Any CPU
		{D30DA2DA-12E5-4D91-9CB7-82184E35598E}.Release|Any CPU.Build.0 = Release|Any CPU
		{3727EB61-995C-41FB-A4C1-39E241F717B5}.Debug|Any CPU.ActiveCfg = Debug|Any CPU
		{3727EB61-995C-41FB-A4C1-39E241F717B5}.Debug|Any CPU.Build.0 = Debug|Any CPU
		{3727EB61-995C-41FB-A4C1-39E241F717B5}.Release|Any CPU.ActiveCfg = Release|Any CPU
		{3727EB61-995C-41FB-A4C1-39E241F717B5}.Release|Any CPU.Build.0 = Release|Any CPU
		{BE405AC2-F3F0-46B1-A94B-C9AB9472B1B2}.Debug|Any CPU.ActiveCfg = Debug|Any CPU
		{BE405AC2-F3F0-46B1-A94B-C9AB9472B1B2}.Debug|Any CPU.Build.0 = Debug|Any CPU
		{BE405AC2-F3F0-46B1-A94B-C9AB9472B1B2}.Release|Any CPU.ActiveCfg = Release|Any CPU
		{BE405AC2-F3F0-46B1-A94B-C9AB9472B1B2}.Release|Any CPU.Build.0 = Release|Any CPU
	EndGlobalSection
	GlobalSection(SolutionProperties) = preSolution
		HideSolutionNode = FALSE
	EndGlobalSection
	GlobalSection(ExtensibilityGlobals) = postSolution
		SolutionGuid = {D866D4AE-7A2A-42AD-80C1-C0C7A66908A9}
	EndGlobalSection
EndGlobal
